
Microsoft Visual Studio Solution File, Format Version 12.00
# Visual Studio Version 17
VisualStudioVersion = 17.4.33213.308
MinimumVisualStudioVersion = 10.0.40219.1
Project("{FAE04EC0-301F-11D3-BF4B-00C04F79EFBC}") = "Stamp7", "Stamp7\Stamp7.csproj", "{F31F41E7-DB16-427D-8AA6-0B5B2D66D569}"
EndProject
Global
	GlobalSection(SolutionConfigurationPlatforms) = preSolution
		Debug|Any CPU = Debug|Any CPU
		Release|Any CPU = Release|Any CPU
	EndGlobalSection
	GlobalSection(ProjectConfigurationPlatforms) = postSolution
		{F31F41E7-DB16-427D-8AA6-0B5B2D66D569}.Debug|Any CPU.ActiveCfg = Debug|Any CPU
		{F31F41E7-DB16-427D-8AA6-0B5B2D66D569}.Debug|Any CPU.Build.0 = Debug|Any CPU
		{F31F41E7-DB16-427D-8AA6-0B5B2D66D569}.Release|Any CPU.ActiveCfg = Release|Any CPU
		{F31F41E7-DB16-427D-8AA6-0B5B2D66D569}.Release|Any CPU.Build.0 = Release|Any CPU
	EndGlobalSection
	GlobalSection(SolutionProperties) = preSolution
		HideSolutionNode = FALSE
	EndGlobalSection
	GlobalSection(ExtensibilityGlobals) = postSolution
		SolutionGuid = {C4AB0CC5-E4CC-49F5-908A-A0FEB9DE5356}
	EndGlobalSection
EndGlobal
